<?xml version="1.0" encoding="UTF-8" standalone="yes" ?>
<CodeBlocks_project_file>
	<FileVersion major="1" minor="6" />
	<Project>
		<Option title="Database Server" />
		<Option pch_mode="2" />
		<Option compiler="gcc" />
		<Build>
			<Target title="Debug">
				<Option output="bin/Debug/Database Server" prefix_auto="1" extension_auto="1" />
				<Option object_output="obj/Debug/" />
				<Option type="1" />
				<Option compiler="gcc" />
				<Compiler>
					<Add option="-std=c++14" />
					<Add option="-std=c++17" />
					<Add option="-pthread" />
					<Add option="-lboost_filesystem" />
					<Add option="-DBOOST_NO_CXX11_SCOPED_ENUMS" />
					<Add option="-lboost_system" />
					<Add option="-g" />
					<Add directory="include" />
				</Compiler>
				<Linker>
					<Add option="-pthread" />
					<Add option="-lboost_system" />
				</Linker>
			</Target>
			<Target title="Release">
				<Option output="bin/Release/Database Server" prefix_auto="1" extension_auto="1" />
				<Option object_output="obj/Release/" />
				<Option type="1" />
				<Option compiler="gcc" />
				<Compiler>
					<Add option="-O2" />
					<Add option="-std=c++14" />
					<Add option="-pthread" />
					<Add option="-lboost_filesystem" />
					<Add option="-DBOOST_NO_CXX11_SCOPED_ENUMS" />
					<Add option="-lboost_system" />
					<Add directory="include" />
				</Compiler>
				<Linker>
					<Add option="-s" />
					<Add option="-pthread" />
					<Add option="-lboost_system" />
				</Linker>
			</Target>
		</Build>
		<Compiler>
			<Add option="-Wall" />
			<Add option="-fexceptions" />
		</Compiler>
		<Unit filename="include/Client_DB.h" />
		<Unit filename="include/Client_Handlers.h" />
		<Unit filename="include/Listener.h" />
		<Unit filename="include/Request_Emitter.h" />
		<Unit filename="include/Request_Identifier.h" />
		<Unit filename="include/Server_DB.h" />
		<Unit filename="include/functions_Server.h" />
		<Unit filename="include/paramDefinitions.h" />
		<Unit filename="main.cpp" />
		<Unit filename="src/Client_DB.cpp" />
		<Unit filename="src/Client_Handlers.cpp" />
		<Unit filename="src/Emitter/Request_Emitter.cpp" />
		<Unit filename="src/Identifier/Request_Identifier.cpp" />
		<Unit filename="src/Listener/Listener.cpp" />
		<Unit filename="src/Server_DB.cpp" />
		<Unit filename="src/functions_Server.cpp" />
		<Extensions>
			<code_completion />
			<debugger />
			<envvars />
		</Extensions>
	</Project>
</CodeBlocks_project_file>
